
Microsoft Visual Studio Solution File, Format Version 12.00
# Visual Studio Version 17
VisualStudioVersion = 17.3.32519.111
MinimumVisualStudioVersion = 10.0.40219.1
Project("{9A19103F-16F7-4668-BE54-9A1E7A4F7556}") = "Projux.UI.WPF", "Projux.UI.WPF\Projux.UI.WPF.csproj", "{C5BF1F7F-AE6A-414C-ADA0-8EF41970AC21}"
EndProject
Project("{9A19103F-16F7-4668-BE54-9A1E7A4F7556}") = "Projux.Backend.gRPC", "Projux.Backend.gRPC\Projux.Backend.gRPC.csproj", "{B62B8011-F71F-4E53-A333-294D2024CD61}"
EndProject
Project("{9A19103F-16F7-4668-BE54-9A1E7A4F7556}") = "Projux.Backend.Core", "Projux.Backend.Core\Projux.Backend.Core.csproj", "{28611C1B-7AE9-4B67-9FAC-5ECCF9889FBE}"
EndProject
Project("{FAE04EC0-301F-11D3-BF4B-00C04F79EFBC}") = "Projux.Backend.Core.Tests", "Projux.Backend.Core.Tests\Projux.Backend.Core.Tests.csproj", "{8067507A-D36A-4C91-AE2B-459CFD4DF3B2}"
EndProject
Global
	GlobalSection(SolutionConfigurationPlatforms) = preSolution
		Debug|Any CPU = Debug|Any CPU
		Release|Any CPU = Release|Any CPU
	EndGlobalSection
	GlobalSection(ProjectConfigurationPlatforms) = postSolution
		{C5BF1F7F-AE6A-414C-ADA0-8EF41970AC21}.Debug|Any CPU.ActiveCfg = Debug|Any CPU
		{C5BF1F7F-AE6A-414C-ADA0-8EF41970AC21}.Debug|Any CPU.Build.0 = Debug|Any CPU
		{C5BF1F7F-AE6A-414C-ADA0-8EF41970AC21}.Release|Any CPU.ActiveCfg = Release|Any CPU
		{C5BF1F7F-AE6A-414C-ADA0-8EF41970AC21}.Release|Any CPU.Build.0 = Release|Any CPU
		{B62B8011-F71F-4E53-A333-294D2024CD61}.Debug|Any CPU.ActiveCfg = Debug|Any CPU
		{B62B8011-F71F-4E53-A333-294D2024CD61}.Debug|Any CPU.Build.0 = Debug|Any CPU
		{B62B8011-F71F-4E53-A333-294D2024CD61}.Release|Any CPU.ActiveCfg = Release|Any CPU
		{B62B8011-F71F-4E53-A333-294D2024CD61}.Release|Any CPU.Build.0 = Release|Any CPU
		{28611C1B-7AE9-4B67-9FAC-5ECCF9889FBE}.Debug|Any CPU.ActiveCfg = Debug|Any CPU
		{28611C1B-7AE9-4B67-9FAC-5ECCF9889FBE}.Debug|Any CPU.Build.0 = Debug|Any CPU
		{28611C1B-7AE9-4B67-9FAC-5ECCF9889FBE}.Release|Any CPU.ActiveCfg = Release|Any CPU
		{28611C1B-7AE9-4B67-9FAC-5ECCF9889FBE}.Release|Any CPU.Build.0 = Release|Any CPU
		{8067507A-D36A-4C91-AE2B-459CFD4DF3B2}.Debug|Any CPU.ActiveCfg = Debug|Any CPU
		{8067507A-D36A-4C91-AE2B-459CFD4DF3B2}.Debug|Any CPU.Build.0 = Debug|Any CPU
		{8067507A-D36A-4C91-AE2B-459CFD4DF3B2}.Release|Any CPU.ActiveCfg = Release|Any CPU
		{8067507A-D36A-4C91-AE2B-459CFD4DF3B2}.Release|Any CPU.Build.0 = Release|Any CPU
	EndGlobalSection
	GlobalSection(SolutionProperties) = preSolution
		HideSolutionNode = FALSE
	EndGlobalSection
	GlobalSection(ExtensibilityGlobals) = postSolution
		SolutionGuid = {6D612D2E-E9FD-4771-986C-0351D2967E03}
	EndGlobalSection
EndGlobal
