
Microsoft Visual Studio Solution File, Format Version 12.00
# Visual Studio Version 17
VisualStudioVersion = 17.3.32519.111
MinimumVisualStudioVersion = 10.0.40219.1
Project("{FAE04EC0-301F-11D3-BF4B-00C04F79EFBC}") = "Projux.Backend.Core", "Projux.Backend.Core\Projux.Backend.Core.csproj", "{C714D2FC-EB8A-48A2-960B-F3F38454B7B7}"
EndProject
Project("{FAE04EC0-301F-11D3-BF4B-00C04F79EFBC}") = "Projux.UI.Core", "Projux.UI.Core\Projux.UI.Core.csproj", "{38D381E6-5F49-4E3B-9F4D-D8501ACD82FE}"
EndProject
Project("{FAE04EC0-301F-11D3-BF4B-00C04F79EFBC}") = "Projux.UI.WPF", "Projux.UI.WPF\Projux.UI.WPF.csproj", "{C5BF1F7F-AE6A-414C-ADA0-8EF41970AC21}"
EndProject
Global
	GlobalSection(SolutionConfigurationPlatforms) = preSolution
		Debug|Any CPU = Debug|Any CPU
		Release|Any CPU = Release|Any CPU
	EndGlobalSection
	GlobalSection(ProjectConfigurationPlatforms) = postSolution
		{C714D2FC-EB8A-48A2-960B-F3F38454B7B7}.Debug|Any CPU.ActiveCfg = Debug|Any CPU
		{C714D2FC-EB8A-48A2-960B-F3F38454B7B7}.Debug|Any CPU.Build.0 = Debug|Any CPU
		{C714D2FC-EB8A-48A2-960B-F3F38454B7B7}.Release|Any CPU.ActiveCfg = Release|Any CPU
		{C714D2FC-EB8A-48A2-960B-F3F38454B7B7}.Release|Any CPU.Build.0 = Release|Any CPU
		{38D381E6-5F49-4E3B-9F4D-D8501ACD82FE}.Debug|Any CPU.ActiveCfg = Debug|Any CPU
		{38D381E6-5F49-4E3B-9F4D-D8501ACD82FE}.Debug|Any CPU.Build.0 = Debug|Any CPU
		{38D381E6-5F49-4E3B-9F4D-D8501ACD82FE}.Release|Any CPU.ActiveCfg = Release|Any CPU
		{38D381E6-5F49-4E3B-9F4D-D8501ACD82FE}.Release|Any CPU.Build.0 = Release|Any CPU
		{C5BF1F7F-AE6A-414C-ADA0-8EF41970AC21}.Debug|Any CPU.ActiveCfg = Debug|Any CPU
		{C5BF1F7F-AE6A-414C-ADA0-8EF41970AC21}.Debug|Any CPU.Build.0 = Debug|Any CPU
		{C5BF1F7F-AE6A-414C-ADA0-8EF41970AC21}.Release|Any CPU.ActiveCfg = Release|Any CPU
		{C5BF1F7F-AE6A-414C-ADA0-8EF41970AC21}.Release|Any CPU.Build.0 = Release|Any CPU
	EndGlobalSection
	GlobalSection(SolutionProperties) = preSolution
		HideSolutionNode = FALSE
	EndGlobalSection
	GlobalSection(ExtensibilityGlobals) = postSolution
		SolutionGuid = {6D612D2E-E9FD-4771-986C-0351D2967E03}
	EndGlobalSection
EndGlobal
